
Microsoft Visual Studio Solution File, Format Version 10.00
# Visual Studio 2008
Project("{8BC9CEB8-8B4A-11D0-8D11-00A0C91BC942}") = "gen_win7shell", "gen_win7shell.vcproj", "{88408266-82B7-4C1A-9AA6-F20F4D309AF3}"
EndProject
Global
	GlobalSection(SolutionConfigurationPlatforms) = preSolution
		Debug|Win32 = Debug|Win32
		Release New|Win32 = Release New|Win32
		Release|Win32 = Release|Win32
	EndGlobalSection
	GlobalSection(ProjectConfigurationPlatforms) = postSolution
		{88408266-82B7-4C1A-9AA6-F20F4D309AF3}.Debug|Win32.ActiveCfg = Debug|Win32
		{88408266-82B7-4C1A-9AA6-F20F4D309AF3}.Debug|Win32.Build.0 = Debug|Win32
		{88408266-82B7-4C1A-9AA6-F20F4D309AF3}.Release New|Win32.ActiveCfg = Release New|Win32
		{88408266-82B7-4C1A-9AA6-F20F4D309AF3}.Release New|Win32.Build.0 = Release New|Win32
		{88408266-82B7-4C1A-9AA6-F20F4D309AF3}.Release|Win32.ActiveCfg = Release|Win32
		{88408266-82B7-4C1A-9AA6-F20F4D309AF3}.Release|Win32.Build.0 = Release|Win32
	EndGlobalSection
	GlobalSection(SolutionProperties) = preSolution
		HideSolutionNode = FALSE
	EndGlobalSection
EndGlobal
